
Microsoft Visual Studio Solution File, Format Version 12.00
# Visual Studio 14
VisualStudioVersion = 14.0.25420.1
MinimumVisualStudioVersion = 10.0.40219.1
Project("{FAE04EC0-301F-11D3-BF4B-00C04F79EFBC}") = "AppCSharp2017", "AppCSharp2017\AppCSharp2017.csproj", "{488BC938-E682-46EF-9805-C33EB54839E9}"
EndProject
Project("{FAE04EC0-301F-11D3-BF4B-00C04F79EFBC}") = "SmartVideoDAL", "SmartVideoDAL\SmartVideoDAL.csproj", "{40675BE4-7DE9-4314-B983-05D9AE5C6484}"
EndProject
Global
	GlobalSection(SolutionConfigurationPlatforms) = preSolution
		Debug|Any CPU = Debug|Any CPU
		Release|Any CPU = Release|Any CPU
	EndGlobalSection
	GlobalSection(ProjectConfigurationPlatforms) = postSolution
		{488BC938-E682-46EF-9805-C33EB54839E9}.Debug|Any CPU.ActiveCfg = Debug|Any CPU
		{488BC938-E682-46EF-9805-C33EB54839E9}.Debug|Any CPU.Build.0 = Debug|Any CPU
		{488BC938-E682-46EF-9805-C33EB54839E9}.Release|Any CPU.ActiveCfg = Release|Any CPU
		{488BC938-E682-46EF-9805-C33EB54839E9}.Release|Any CPU.Build.0 = Release|Any CPU
		{40675BE4-7DE9-4314-B983-05D9AE5C6484}.Debug|Any CPU.ActiveCfg = Debug|Any CPU
		{40675BE4-7DE9-4314-B983-05D9AE5C6484}.Debug|Any CPU.Build.0 = Debug|Any CPU
		{40675BE4-7DE9-4314-B983-05D9AE5C6484}.Release|Any CPU.ActiveCfg = Release|Any CPU
		{40675BE4-7DE9-4314-B983-05D9AE5C6484}.Release|Any CPU.Build.0 = Release|Any CPU
	EndGlobalSection
	GlobalSection(SolutionProperties) = preSolution
		HideSolutionNode = FALSE
	EndGlobalSection
	GlobalSection(ExtensibilityGlobals) = postSolution
		SolutionGuid = {84970E1D-1AC8-4F9C-9850-BD2CB79AABED}
	EndGlobalSection
EndGlobal
